// !$*UTF8*$!
{
	archiveVersion = 1;
	classes = {
	};
	objectVersion = 48;
	objects = {

/* Begin PBXBuildFile section */
		4C4B3B4A2004DF930057BF37 /* AppDelegate.m in Sources */ = {isa = PBXBuildFile; fileRef = 4C4B3B492004DF930057BF37 /* AppDelegate.m */; };
		4C4B3B4D2004DF930057BF37 /* ViewController.m in Sources */ = {isa = PBXBuildFile; fileRef = 4C4B3B4C2004DF930057BF37 /* ViewController.m */; };
		4C4B3B4F2004DF930057BF37 /* Assets.xcassets in Resources */ = {isa = PBXBuildFile; fileRef = 4C4B3B4E2004DF930057BF37 /* Assets.xcassets */; };
		4C4B3B522004DF930057BF37 /* Main.storyboard in Resources */ = {isa = PBXBuildFile; fileRef = 4C4B3B502004DF930057BF37 /* Main.storyboard */; };
		4C4B3B552004DF930057BF37 /* main.m in Sources */ = {isa = PBXBuildFile; fileRef = 4C4B3B542004DF930057BF37 /* main.m */; };
		4C4B3B6C2004E1430057BF37 /* DFMandelbrot.m in Sources */ = {isa = PBXBuildFile; fileRef = 4C4B3B6B2004E1430057BF37 /* DFMandelbrot.m */; };
		4C4B3B6D2004E1430057BF37 /* DFMandelbrot.m in Sources */ = {isa = PBXBuildFile; fileRef = 4C4B3B6B2004E1430057BF37 /* DFMandelbrot.m */; };
		4CA7066620052611002B97BF /* BRUInternalMaybeDDLog.m in Sources */ = {isa = PBXBuildFile; fileRef = 4CA7064420052611002B97BF /* BRUInternalMaybeDDLog.m */; };
		4CA7066720052611002B97BF /* BRUTask.m in Sources */ = {isa = PBXBuildFile; fileRef = 4CA7064720052611002B97BF /* BRUTask.m */; };
		4CA7066820052611002B97BF /* BRUAsserts.m in Sources */ = {isa = PBXBuildFile; fileRef = 4CA7064B20052611002B97BF /* BRUAsserts.m */; };
		4CA7066920052611002B97BF /* BRUTemporaryFiles.m in Sources */ = {isa = PBXBuildFile; fileRef = 4CA7064C20052611002B97BF /* BRUTemporaryFiles.m */; };
		4CA7066A20052611002B97BF /* BRUFileMonitor.m in Sources */ = {isa = PBXBuildFile; fileRef = 4CA7064D20052611002B97BF /* BRUFileMonitor.m */; };
		4CA7066B20052611002B97BF /* BRUDeferred.m in Sources */ = {isa = PBXBuildFile; fileRef = 4CA7064E20052611002B97BF /* BRUDeferred.m */; };
		4CA7066C20052611002B97BF /* BRUConcurrentBox.m in Sources */ = {isa = PBXBuildFile; fileRef = 4CA7065320052611002B97BF /* BRUConcurrentBox.m */; };
		4CA7066D20052611002B97BF /* BRUMemoryRegion.m in Sources */ = {isa = PBXBuildFile; fileRef = 4CA7065420052611002B97BF /* BRUMemoryRegion.m */; };
		4CA7066E20052611002B97BF /* BRUTimer.m in Sources */ = {isa = PBXBuildFile; fileRef = 4CA7065620052611002B97BF /* BRUTimer.m */; };
		4CA7066F20052611002B97BF /* BRUEitherErrorOrSuccess.m in Sources */ = {isa = PBXBuildFile; fileRef = 4CA7065720052611002B97BF /* BRUEitherErrorOrSuccess.m */; };
		4CA7067020052611002B97BF /* BRURetry.m in Sources */ = {isa = PBXBuildFile; fileRef = 4CA7065D20052611002B97BF /* BRURetry.m */; };
		4CA7067120052611002B97BF /* BRUConcurrentVariable.m in Sources */ = {isa = PBXBuildFile; fileRef = 4CA7065E20052611002B97BF /* BRUConcurrentVariable.m */; };
		4CA7067220052611002B97BF /* BRURateLimiter.m in Sources */ = {isa = PBXBuildFile; fileRef = 4CA7065F20052611002B97BF /* BRURateLimiter.m */; };
		4CA7067320052611002B97BF /* BRUSetDiffFormatter.m in Sources */ = {isa = PBXBuildFile; fileRef = 4CA7066020052611002B97BF /* BRUSetDiffFormatter.m */; };
		4CA7067420052611002B97BF /* BRUResourceCleanup.m in Sources */ = {isa = PBXBuildFile; fileRef = 4CA7066120052611002B97BF /* BRUResourceCleanup.m */; };
		4CF7AFB820076A5D00EF092C /* LocationProjectionTests.m in Sources */ = {isa = PBXBuildFile; fileRef = 4CF7AFB720076A5D00EF092C /* LocationProjectionTests.m */; };
		4CF7AFBB20076A9F00EF092C /* Locations.plist in Resources */ = {isa = PBXBuildFile; fileRef = 4CF7AFBA20076A9F00EF092C /* Locations.plist */; };
		4CF7AFBD20076D9600EF092C /* DFMandelbrotTests.m in Sources */ = {isa = PBXBuildFile; fileRef = 4CF7AFBC20076D9600EF092C /* DFMandelbrotTests.m */; };
		4CF7AFBF200771A200EF092C /* SanityTestPoints.plist in Resources */ = {isa = PBXBuildFile; fileRef = 4CF7AFBE200771A200EF092C /* SanityTestPoints.plist */; };
		4CF7AFC02007774900EF092C /* BRUInternalMaybeDDLog.m in Sources */ = {isa = PBXBuildFile; fileRef = 4CA7064420052611002B97BF /* BRUInternalMaybeDDLog.m */; };
		4CF7AFC12007774900EF092C /* BRUTask.m in Sources */ = {isa = PBXBuildFile; fileRef = 4CA7064720052611002B97BF /* BRUTask.m */; };
		4CF7AFC22007774900EF092C /* BRUAsserts.m in Sources */ = {isa = PBXBuildFile; fileRef = 4CA7064B20052611002B97BF /* BRUAsserts.m */; };
		4CF7AFC32007774900EF092C /* BRUTemporaryFiles.m in Sources */ = {isa = PBXBuildFile; fileRef = 4CA7064C20052611002B97BF /* BRUTemporaryFiles.m */; };
		4CF7AFC42007774900EF092C /* BRUFileMonitor.m in Sources */ = {isa = PBXBuildFile; fileRef = 4CA7064D20052611002B97BF /* BRUFileMonitor.m */; };
		4CF7AFC52007774900EF092C /* BRUDeferred.m in Sources */ = {isa = PBXBuildFile; fileRef = 4CA7064E20052611002B97BF /* BRUDeferred.m */; };
		4CF7AFC62007774900EF092C /* BRUConcurrentBox.m in Sources */ = {isa = PBXBuildFile; fileRef = 4CA7065320052611002B97BF /* BRUConcurrentBox.m */; };
		4CF7AFC72007774900EF092C /* BRUMemoryRegion.m in Sources */ = {isa = PBXBuildFile; fileRef = 4CA7065420052611002B97BF /* BRUMemoryRegion.m */; };
		4CF7AFC82007774900EF092C /* BRUTimer.m in Sources */ = {isa = PBXBuildFile; fileRef = 4CA7065620052611002B97BF /* BRUTimer.m */; };
		4CF7AFC92007774900EF092C /* BRUEitherErrorOrSuccess.m in Sources */ = {isa = PBXBuildFile; fileRef = 4CA7065720052611002B97BF /* BRUEitherErrorOrSuccess.m */; };
		4CF7AFCA2007774900EF092C /* BRURetry.m in Sources */ = {isa = PBXBuildFile; fileRef = 4CA7065D20052611002B97BF /* BRURetry.m */; };
		4CF7AFCB2007774900EF092C /* BRUConcurrentVariable.m in Sources */ = {isa = PBXBuildFile; fileRef = 4CA7065E20052611002B97BF /* BRUConcurrentVariable.m */; };
		4CF7AFCC2007774900EF092C /* BRURateLimiter.m in Sources */ = {isa = PBXBuildFile; fileRef = 4CA7065F20052611002B97BF /* BRURateLimiter.m */; };
		4CF7AFCD2007774900EF092C /* BRUSetDiffFormatter.m in Sources */ = {isa = PBXBuildFile; fileRef = 4CA7066020052611002B97BF /* BRUSetDiffFormatter.m */; };
		4CF7AFCE2007774900EF092C /* BRUResourceCleanup.m in Sources */ = {isa = PBXBuildFile; fileRef = 4CA7066120052611002B97BF /* BRUResourceCleanup.m */; };
/* End PBXBuildFile section */

/* Begin PBXContainerItemProxy section */
		4C4B3B5C2004DF930057BF37 /* PBXContainerItemProxy */ = {
			isa = PBXContainerItemProxy;
			containerPortal = 4C4B3B3D2004DF930057BF37 /* Project object */;
			proxyType = 1;
			remoteGlobalIDString = 4C4B3B442004DF930057BF37;
			remoteInfo = Fractron;
		};
/* End PBXContainerItemProxy section */

/* Begin PBXFileReference section */
		4C4B3B452004DF930057BF37 /* Fractron.app */ = {isa = PBXFileReference; explicitFileType = wrapper.application; includeInIndex = 0; path = Fractron.app; sourceTree = BUILT_PRODUCTS_DIR; };
		4C4B3B482004DF930057BF37 /* AppDelegate.h */ = {isa = PBXFileReference; lastKnownFileType = sourcecode.c.h; path = AppDelegate.h; sourceTree = "<group>"; };
		4C4B3B492004DF930057BF37 /* AppDelegate.m */ = {isa = PBXFileReference; lastKnownFileType = sourcecode.c.objc; path = AppDelegate.m; sourceTree = "<group>"; };
		4C4B3B4B2004DF930057BF37 /* ViewController.h */ = {isa = PBXFileReference; lastKnownFileType = sourcecode.c.h; path = ViewController.h; sourceTree = "<group>"; };
		4C4B3B4C2004DF930057BF37 /* ViewController.m */ = {isa = PBXFileReference; lastKnownFileType = sourcecode.c.objc; path = ViewController.m; sourceTree = "<group>"; };
		4C4B3B4E2004DF930057BF37 /* Assets.xcassets */ = {isa = PBXFileReference; lastKnownFileType = folder.assetcatalog; path = Assets.xcassets; sourceTree = "<group>"; };
		4C4B3B512004DF930057BF37 /* Base */ = {isa = PBXFileReference; lastKnownFileType = file.storyboard; name = Base; path = Base.lproj/Main.storyboard; sourceTree = "<group>"; };
		4C4B3B532004DF930057BF37 /* Info.plist */ = {isa = PBXFileReference; lastKnownFileType = text.plist.xml; path = Info.plist; sourceTree = "<group>"; };
		4C4B3B542004DF930057BF37 /* main.m */ = {isa = PBXFileReference; lastKnownFileType = sourcecode.c.objc; path = main.m; sourceTree = "<group>"; };
		4C4B3B562004DF930057BF37 /* Fractron.entitlements */ = {isa = PBXFileReference; lastKnownFileType = text.plist.entitlements; path = Fractron.entitlements; sourceTree = "<group>"; };
		4C4B3B5B2004DF930057BF37 /* FractronTests.xctest */ = {isa = PBXFileReference; explicitFileType = wrapper.cfbundle; includeInIndex = 0; path = FractronTests.xctest; sourceTree = BUILT_PRODUCTS_DIR; };
		4C4B3B612004DF930057BF37 /* Info.plist */ = {isa = PBXFileReference; lastKnownFileType = text.plist.xml; path = Info.plist; sourceTree = "<group>"; };
		4C4B3B6A2004E1430057BF37 /* DFMandelbrot.h */ = {isa = PBXFileReference; lastKnownFileType = sourcecode.c.h; path = DFMandelbrot.h; sourceTree = "<group>"; };
		4C4B3B6B2004E1430057BF37 /* DFMandelbrot.m */ = {isa = PBXFileReference; lastKnownFileType = sourcecode.c.objc; path = DFMandelbrot.m; sourceTree = "<group>"; };
		4CA7064220052611002B97BF /* BRUMemoryRegion.h */ = {isa = PBXFileReference; fileEncoding = 4; lastKnownFileType = sourcecode.c.h; path = BRUMemoryRegion.h; sourceTree = "<group>"; };
		4CA7064320052611002B97BF /* BRUConcurrentBox.h */ = {isa = PBXFileReference; fileEncoding = 4; lastKnownFileType = sourcecode.c.h; path = BRUConcurrentBox.h; sourceTree = "<group>"; };
		4CA7064420052611002B97BF /* BRUInternalMaybeDDLog.m */ = {isa = PBXFileReference; fileEncoding = 4; lastKnownFileType = sourcecode.c.objc; path = BRUInternalMaybeDDLog.m; sourceTree = "<group>"; };
		4CA7064520052611002B97BF /* BRUEitherErrorOrSuccess.h */ = {isa = PBXFileReference; fileEncoding = 4; lastKnownFileType = sourcecode.c.h; path = BRUEitherErrorOrSuccess.h; sourceTree = "<group>"; };
		4CA7064620052611002B97BF /* BRUTimer.h */ = {isa = PBXFileReference; fileEncoding = 4; lastKnownFileType = sourcecode.c.h; path = BRUTimer.h; sourceTree = "<group>"; };
		4CA7064720052611002B97BF /* BRUTask.m */ = {isa = PBXFileReference; fileEncoding = 4; lastKnownFileType = sourcecode.c.objc; path = BRUTask.m; sourceTree = "<group>"; };
		4CA7064820052611002B97BF /* BRUConcurrentVariable.h */ = {isa = PBXFileReference; fileEncoding = 4; lastKnownFileType = sourcecode.c.h; path = BRUConcurrentVariable.h; sourceTree = "<group>"; };
		4CA7064920052611002B97BF /* BRURetry.h */ = {isa = PBXFileReference; fileEncoding = 4; lastKnownFileType = sourcecode.c.h; path = BRURetry.h; sourceTree = "<group>"; };
		4CA7064A20052611002B97BF /* BRUDispatchUtils.h */ = {isa = PBXFileReference; fileEncoding = 4; lastKnownFileType = sourcecode.c.h; path = BRUDispatchUtils.h; sourceTree = "<group>"; };
		4CA7064B20052611002B97BF /* BRUAsserts.m */ = {isa = PBXFileReference; fileEncoding = 4; lastKnownFileType = sourcecode.c.objc; path = BRUAsserts.m; sourceTree = "<group>"; };
		4CA7064C20052611002B97BF /* BRUTemporaryFiles.m */ = {isa = PBXFileReference; fileEncoding = 4; lastKnownFileType = sourcecode.c.objc; path = BRUTemporaryFiles.m; sourceTree = "<group>"; };
		4CA7064D20052611002B97BF /* BRUFileMonitor.m */ = {isa = PBXFileReference; fileEncoding = 4; lastKnownFileType = sourcecode.c.objc; path = BRUFileMonitor.m; sourceTree = "<group>"; };
		4CA7064E20052611002B97BF /* BRUDeferred.m */ = {isa = PBXFileReference; fileEncoding = 4; lastKnownFileType = sourcecode.c.objc; path = BRUDeferred.m; sourceTree = "<group>"; };
		4CA7064F20052611002B97BF /* BRUResourceCleanup.h */ = {isa = PBXFileReference; fileEncoding = 4; lastKnownFileType = sourcecode.c.h; path = BRUResourceCleanup.h; sourceTree = "<group>"; };
		4CA7065020052611002B97BF /* BRUSetDiffFormatter.h */ = {isa = PBXFileReference; fileEncoding = 4; lastKnownFileType = sourcecode.c.h; path = BRUSetDiffFormatter.h; sourceTree = "<group>"; };
		4CA7065120052611002B97BF /* BRURateLimiter.h */ = {isa = PBXFileReference; fileEncoding = 4; lastKnownFileType = sourcecode.c.h; path = BRURateLimiter.h; sourceTree = "<group>"; };
		4CA7065220052611002B97BF /* BRUInternalMaybeDDLog.h */ = {isa = PBXFileReference; fileEncoding = 4; lastKnownFileType = sourcecode.c.h; path = BRUInternalMaybeDDLog.h; sourceTree = "<group>"; };
		4CA7065320052611002B97BF /* BRUConcurrentBox.m */ = {isa = PBXFileReference; fileEncoding = 4; lastKnownFileType = sourcecode.c.objc; path = BRUConcurrentBox.m; sourceTree = "<group>"; };
		4CA7065420052611002B97BF /* BRUMemoryRegion.m */ = {isa = PBXFileReference; fileEncoding = 4; lastKnownFileType = sourcecode.c.objc; path = BRUMemoryRegion.m; sourceTree = "<group>"; };
		4CA7065520052611002B97BF /* BRUTask.h */ = {isa = PBXFileReference; fileEncoding = 4; lastKnownFileType = sourcecode.c.h; path = BRUTask.h; sourceTree = "<group>"; };
		4CA7065620052611002B97BF /* BRUTimer.m */ = {isa = PBXFileReference; fileEncoding = 4; lastKnownFileType = sourcecode.c.objc; path = BRUTimer.m; sourceTree = "<group>"; };
		4CA7065720052611002B97BF /* BRUEitherErrorOrSuccess.m */ = {isa = PBXFileReference; fileEncoding = 4; lastKnownFileType = sourcecode.c.objc; path = BRUEitherErrorOrSuccess.m; sourceTree = "<group>"; };
		4CA7065820052611002B97BF /* BRUEqualityUtils.h */ = {isa = PBXFileReference; fileEncoding = 4; lastKnownFileType = sourcecode.c.h; path = BRUEqualityUtils.h; sourceTree = "<group>"; };
		4CA7065920052611002B97BF /* BRUArithmetic.h */ = {isa = PBXFileReference; fileEncoding = 4; lastKnownFileType = sourcecode.c.h; path = BRUArithmetic.h; sourceTree = "<group>"; };
		4CA7065A20052611002B97BF /* BRUAsserts.h */ = {isa = PBXFileReference; fileEncoding = 4; lastKnownFileType = sourcecode.c.h; path = BRUAsserts.h; sourceTree = "<group>"; };
		4CA7065B20052611002B97BF /* BRUARCUtils.h */ = {isa = PBXFileReference; fileEncoding = 4; lastKnownFileType = sourcecode.c.h; path = BRUARCUtils.h; sourceTree = "<group>"; };
		4CA7065C20052611002B97BF /* BRUBaseDefines.h */ = {isa = PBXFileReference; fileEncoding = 4; lastKnownFileType = sourcecode.c.h; path = BRUBaseDefines.h; sourceTree = "<group>"; };
		4CA7065D20052611002B97BF /* BRURetry.m */ = {isa = PBXFileReference; fileEncoding = 4; lastKnownFileType = sourcecode.c.objc; path = BRURetry.m; sourceTree = "<group>"; };
		4CA7065E20052611002B97BF /* BRUConcurrentVariable.m */ = {isa = PBXFileReference; fileEncoding = 4; lastKnownFileType = sourcecode.c.objc; path = BRUConcurrentVariable.m; sourceTree = "<group>"; };
		4CA7065F20052611002B97BF /* BRURateLimiter.m */ = {isa = PBXFileReference; fileEncoding = 4; lastKnownFileType = sourcecode.c.objc; path = BRURateLimiter.m; sourceTree = "<group>"; };
		4CA7066020052611002B97BF /* BRUSetDiffFormatter.m */ = {isa = PBXFileReference; fileEncoding = 4; lastKnownFileType = sourcecode.c.objc; path = BRUSetDiffFormatter.m; sourceTree = "<group>"; };
		4CA7066120052611002B97BF /* BRUResourceCleanup.m */ = {isa = PBXFileReference; fileEncoding = 4; lastKnownFileType = sourcecode.c.objc; path = BRUResourceCleanup.m; sourceTree = "<group>"; };
		4CA7066220052611002B97BF /* BRUDeferred.h */ = {isa = PBXFileReference; fileEncoding = 4; lastKnownFileType = sourcecode.c.h; path = BRUDeferred.h; sourceTree = "<group>"; };
		4CA7066320052611002B97BF /* BRUNullabilityUtils.h */ = {isa = PBXFileReference; fileEncoding = 4; lastKnownFileType = sourcecode.c.h; path = BRUNullabilityUtils.h; sourceTree = "<group>"; };
		4CA7066420052611002B97BF /* BRUTemporaryFiles.h */ = {isa = PBXFileReference; fileEncoding = 4; lastKnownFileType = sourcecode.c.h; path = BRUTemporaryFiles.h; sourceTree = "<group>"; };
		4CA7066520052611002B97BF /* BRUFileMonitor.h */ = {isa = PBXFileReference; fileEncoding = 4; lastKnownFileType = sourcecode.c.h; path = BRUFileMonitor.h; sourceTree = "<group>"; };
		4CA7067620053059002B97BF /* AppKit.framework */ = {isa = PBXFileReference; lastKnownFileType = wrapper.framework; name = AppKit.framework; path = System/Library/Frameworks/AppKit.framework; sourceTree = SDKROOT; };
		4CF7AFB720076A5D00EF092C /* LocationProjectionTests.m */ = {isa = PBXFileReference; lastKnownFileType = sourcecode.c.objc; path = LocationProjectionTests.m; sourceTree = "<group>"; };
		4CF7AFBA20076A9F00EF092C /* Locations.plist */ = {isa = PBXFileReference; lastKnownFileType = text.plist.xml; path = Locations.plist; sourceTree = "<group>"; };
		4CF7AFBC20076D9600EF092C /* DFMandelbrotTests.m */ = {isa = PBXFileReference; lastKnownFileType = sourcecode.c.objc; path = DFMandelbrotTests.m; sourceTree = "<group>"; };
		4CF7AFBE200771A200EF092C /* SanityTestPoints.plist */ = {isa = PBXFileReference; lastKnownFileType = text.plist.xml; path = SanityTestPoints.plist; sourceTree = "<group>"; };
/* End PBXFileReference section */

/* Begin PBXFrameworksBuildPhase section */
		4C4B3B422004DF930057BF37 /* Frameworks */ = {
			isa = PBXFrameworksBuildPhase;
			buildActionMask = 2147483647;
			files = (
			);
			runOnlyForDeploymentPostprocessing = 0;
		};
		4C4B3B582004DF930057BF37 /* Frameworks */ = {
			isa = PBXFrameworksBuildPhase;
			buildActionMask = 2147483647;
			files = (
			);
			runOnlyForDeploymentPostprocessing = 0;
		};
/* End PBXFrameworksBuildPhase section */

/* Begin PBXGroup section */
		4C4B3B3C2004DF930057BF37 = {
			isa = PBXGroup;
			children = (
				4C4B3B472004DF930057BF37 /* Fractron */,
				4C4B3B5E2004DF930057BF37 /* FractronTests */,
				4C4B3B462004DF930057BF37 /* Products */,
				4CA7067520053058002B97BF /* Frameworks */,
			);
			sourceTree = "<group>";
		};
		4C4B3B462004DF930057BF37 /* Products */ = {
			isa = PBXGroup;
			children = (
				4C4B3B452004DF930057BF37 /* Fractron.app */,
				4C4B3B5B2004DF930057BF37 /* FractronTests.xctest */,
			);
			name = Products;
			sourceTree = "<group>";
		};
		4C4B3B472004DF930057BF37 /* Fractron */ = {
			isa = PBXGroup;
			children = (
				4CA70640200525F5002B97BF /* Thirdparty */,
				4C4B3B482004DF930057BF37 /* AppDelegate.h */,
				4C4B3B492004DF930057BF37 /* AppDelegate.m */,
				4C4B3B4B2004DF930057BF37 /* ViewController.h */,
				4C4B3B4C2004DF930057BF37 /* ViewController.m */,
				4C4B3B4E2004DF930057BF37 /* Assets.xcassets */,
				4C4B3B502004DF930057BF37 /* Main.storyboard */,
				4C4B3B532004DF930057BF37 /* Info.plist */,
				4C4B3B542004DF930057BF37 /* main.m */,
				4C4B3B562004DF930057BF37 /* Fractron.entitlements */,
				4C4B3B6A2004E1430057BF37 /* DFMandelbrot.h */,
				4C4B3B6B2004E1430057BF37 /* DFMandelbrot.m */,
			);
			path = Fractron;
			sourceTree = "<group>";
		};
		4C4B3B5E2004DF930057BF37 /* FractronTests */ = {
			isa = PBXGroup;
			children = (
				4CF7AFB920076A6E00EF092C /* Testdata */,
				4C4B3B612004DF930057BF37 /* Info.plist */,
				4CF7AFB720076A5D00EF092C /* LocationProjectionTests.m */,
				4CF7AFBC20076D9600EF092C /* DFMandelbrotTests.m */,
			);
			path = FractronTests;
			sourceTree = "<group>";
		};
		4CA70640200525F5002B97BF /* Thirdparty */ = {
			isa = PBXGroup;
			children = (
				4CA7064120052611002B97BF /* BromiumCoreUtils */,
			);
			path = Thirdparty;
			sourceTree = "<group>";
		};
		4CA7064120052611002B97BF /* BromiumCoreUtils */ = {
			isa = PBXGroup;
			children = (
				4CA7064220052611002B97BF /* BRUMemoryRegion.h */,
				4CA7064320052611002B97BF /* BRUConcurrentBox.h */,
				4CA7064420052611002B97BF /* BRUInternalMaybeDDLog.m */,
				4CA7064520052611002B97BF /* BRUEitherErrorOrSuccess.h */,
				4CA7064620052611002B97BF /* BRUTimer.h */,
				4CA7064720052611002B97BF /* BRUTask.m */,
				4CA7064820052611002B97BF /* BRUConcurrentVariable.h */,
				4CA7064920052611002B97BF /* BRURetry.h */,
				4CA7064A20052611002B97BF /* BRUDispatchUtils.h */,
				4CA7064B20052611002B97BF /* BRUAsserts.m */,
				4CA7064C20052611002B97BF /* BRUTemporaryFiles.m */,
				4CA7064D20052611002B97BF /* BRUFileMonitor.m */,
				4CA7064E20052611002B97BF /* BRUDeferred.m */,
				4CA7064F20052611002B97BF /* BRUResourceCleanup.h */,
				4CA7065020052611002B97BF /* BRUSetDiffFormatter.h */,
				4CA7065120052611002B97BF /* BRURateLimiter.h */,
				4CA7065220052611002B97BF /* BRUInternalMaybeDDLog.h */,
				4CA7065320052611002B97BF /* BRUConcurrentBox.m */,
				4CA7065420052611002B97BF /* BRUMemoryRegion.m */,
				4CA7065520052611002B97BF /* BRUTask.h */,
				4CA7065620052611002B97BF /* BRUTimer.m */,
				4CA7065720052611002B97BF /* BRUEitherErrorOrSuccess.m */,
				4CA7065820052611002B97BF /* BRUEqualityUtils.h */,
				4CA7065920052611002B97BF /* BRUArithmetic.h */,
				4CA7065A20052611002B97BF /* BRUAsserts.h */,
				4CA7065B20052611002B97BF /* BRUARCUtils.h */,
				4CA7065C20052611002B97BF /* BRUBaseDefines.h */,
				4CA7065D20052611002B97BF /* BRURetry.m */,
				4CA7065E20052611002B97BF /* BRUConcurrentVariable.m */,
				4CA7065F20052611002B97BF /* BRURateLimiter.m */,
				4CA7066020052611002B97BF /* BRUSetDiffFormatter.m */,
				4CA7066120052611002B97BF /* BRUResourceCleanup.m */,
				4CA7066220052611002B97BF /* BRUDeferred.h */,
				4CA7066320052611002B97BF /* BRUNullabilityUtils.h */,
				4CA7066420052611002B97BF /* BRUTemporaryFiles.h */,
				4CA7066520052611002B97BF /* BRUFileMonitor.h */,
			);
			name = BromiumCoreUtils;
			path = Thirdparty/BromiumCoreUtils/BromiumCoreUtils;
			sourceTree = SOURCE_ROOT;
		};
		4CA7067520053058002B97BF /* Frameworks */ = {
			isa = PBXGroup;
			children = (
				4CA7067620053059002B97BF /* AppKit.framework */,
			);
			name = Frameworks;
			sourceTree = "<group>";
		};
		4CF7AFB920076A6E00EF092C /* Testdata */ = {
			isa = PBXGroup;
			children = (
				4CF7AFBA20076A9F00EF092C /* Locations.plist */,
				4CF7AFBE200771A200EF092C /* SanityTestPoints.plist */,
			);
			path = Testdata;
			sourceTree = "<group>";
		};
/* End PBXGroup section */

/* Begin PBXNativeTarget section */
		4C4B3B442004DF930057BF37 /* Fractron */ = {
			isa = PBXNativeTarget;
			buildConfigurationList = 4C4B3B642004DF930057BF37 /* Build configuration list for PBXNativeTarget "Fractron" */;
			buildPhases = (
				4C4B3B412004DF930057BF37 /* Sources */,
				4C4B3B422004DF930057BF37 /* Frameworks */,
				4C4B3B432004DF930057BF37 /* Resources */,
			);
			buildRules = (
			);
			dependencies = (
			);
			name = Fractron;
			productName = Fractron;
			productReference = 4C4B3B452004DF930057BF37 /* Fractron.app */;
			productType = "com.apple.product-type.application";
		};
		4C4B3B5A2004DF930057BF37 /* FractronTests */ = {
			isa = PBXNativeTarget;
			buildConfigurationList = 4C4B3B672004DF930057BF37 /* Build configuration list for PBXNativeTarget "FractronTests" */;
			buildPhases = (
				4C4B3B572004DF930057BF37 /* Sources */,
				4C4B3B582004DF930057BF37 /* Frameworks */,
				4C4B3B592004DF930057BF37 /* Resources */,
			);
			buildRules = (
			);
			dependencies = (
				4C4B3B5D2004DF930057BF37 /* PBXTargetDependency */,
			);
			name = FractronTests;
			productName = FractronTests;
			productReference = 4C4B3B5B2004DF930057BF37 /* FractronTests.xctest */;
			productType = "com.apple.product-type.bundle.unit-test";
		};
/* End PBXNativeTarget section */

/* Begin PBXProject section */
		4C4B3B3D2004DF930057BF37 /* Project object */ = {
			isa = PBXProject;
			attributes = {
				LastUpgradeCheck = 0900;
				ORGANIZATIONNAME = "Digital Flapjack";
				TargetAttributes = {
					4C4B3B442004DF930057BF37 = {
						CreatedOnToolsVersion = 9.0;
						ProvisioningStyle = Automatic;
					};
					4C4B3B5A2004DF930057BF37 = {
						CreatedOnToolsVersion = 9.0;
						ProvisioningStyle = Automatic;
					};
				};
			};
			buildConfigurationList = 4C4B3B402004DF930057BF37 /* Build configuration list for PBXProject "Fractron" */;
			compatibilityVersion = "Xcode 8.0";
			developmentRegion = en;
			hasScannedForEncodings = 0;
			knownRegions = (
				en,
				Base,
			);
			mainGroup = 4C4B3B3C2004DF930057BF37;
			productRefGroup = 4C4B3B462004DF930057BF37 /* Products */;
			projectDirPath = "";
			projectRoot = "";
			targets = (
				4C4B3B442004DF930057BF37 /* Fractron */,
				4C4B3B5A2004DF930057BF37 /* FractronTests */,
			);
		};
/* End PBXProject section */

/* Begin PBXResourcesBuildPhase section */
		4C4B3B432004DF930057BF37 /* Resources */ = {
			isa = PBXResourcesBuildPhase;
			buildActionMask = 2147483647;
			files = (
				4C4B3B4F2004DF930057BF37 /* Assets.xcassets in Resources */,
				4C4B3B522004DF930057BF37 /* Main.storyboard in Resources */,
			);
			runOnlyForDeploymentPostprocessing = 0;
		};
		4C4B3B592004DF930057BF37 /* Resources */ = {
			isa = PBXResourcesBuildPhase;
			buildActionMask = 2147483647;
			files = (
				4CF7AFBB20076A9F00EF092C /* Locations.plist in Resources */,
				4CF7AFBF200771A200EF092C /* SanityTestPoints.plist in Resources */,
			);
			runOnlyForDeploymentPostprocessing = 0;
		};
/* End PBXResourcesBuildPhase section */

/* Begin PBXSourcesBuildPhase section */
		4C4B3B412004DF930057BF37 /* Sources */ = {
			isa = PBXSourcesBuildPhase;
			buildActionMask = 2147483647;
			files = (
				4CA7066F20052611002B97BF /* BRUEitherErrorOrSuccess.m in Sources */,
				4CA7066B20052611002B97BF /* BRUDeferred.m in Sources */,
				4C4B3B4D2004DF930057BF37 /* ViewController.m in Sources */,
				4CA7066C20052611002B97BF /* BRUConcurrentBox.m in Sources */,
				4CA7067320052611002B97BF /* BRUSetDiffFormatter.m in Sources */,
				4CA7067120052611002B97BF /* BRUConcurrentVariable.m in Sources */,
				4CA7067420052611002B97BF /* BRUResourceCleanup.m in Sources */,
				4C4B3B552004DF930057BF37 /* main.m in Sources */,
				4CA7066A20052611002B97BF /* BRUFileMonitor.m in Sources */,
				4C4B3B4A2004DF930057BF37 /* AppDelegate.m in Sources */,
				4CA7066D20052611002B97BF /* BRUMemoryRegion.m in Sources */,
				4CA7066820052611002B97BF /* BRUAsserts.m in Sources */,
				4CA7067020052611002B97BF /* BRURetry.m in Sources */,
				4C4B3B6C2004E1430057BF37 /* DFMandelbrot.m in Sources */,
				4CA7066920052611002B97BF /* BRUTemporaryFiles.m in Sources */,
				4CA7066E20052611002B97BF /* BRUTimer.m in Sources */,
				4CA7067220052611002B97BF /* BRURateLimiter.m in Sources */,
				4CA7066720052611002B97BF /* BRUTask.m in Sources */,
				4CA7066620052611002B97BF /* BRUInternalMaybeDDLog.m in Sources */,
			);
			runOnlyForDeploymentPostprocessing = 0;
		};
		4C4B3B572004DF930057BF37 /* Sources */ = {
			isa = PBXSourcesBuildPhase;
			buildActionMask = 2147483647;
			files = (
				4CF7AFC02007774900EF092C /* BRUInternalMaybeDDLog.m in Sources */,
				4CF7AFC12007774900EF092C /* BRUTask.m in Sources */,
				4CF7AFC22007774900EF092C /* BRUAsserts.m in Sources */,
				4CF7AFC32007774900EF092C /* BRUTemporaryFiles.m in Sources */,
				4CF7AFC42007774900EF092C /* BRUFileMonitor.m in Sources */,
				4CF7AFC52007774900EF092C /* BRUDeferred.m in Sources */,
				4CF7AFC62007774900EF092C /* BRUConcurrentBox.m in Sources */,
				4CF7AFC72007774900EF092C /* BRUMemoryRegion.m in Sources */,
				4CF7AFC82007774900EF092C /* BRUTimer.m in Sources */,
				4CF7AFC92007774900EF092C /* BRUEitherErrorOrSuccess.m in Sources */,
				4CF7AFCA2007774900EF092C /* BRURetry.m in Sources */,
				4CF7AFCB2007774900EF092C /* BRUConcurrentVariable.m in Sources */,
				4CF7AFCC2007774900EF092C /* BRURateLimiter.m in Sources */,
				4CF7AFCD2007774900EF092C /* BRUSetDiffFormatter.m in Sources */,
				4CF7AFCE2007774900EF092C /* BRUResourceCleanup.m in Sources */,
				4CF7AFB820076A5D00EF092C /* LocationProjectionTests.m in Sources */,
				4C4B3B6D2004E1430057BF37 /* DFMandelbrot.m in Sources */,
				4CF7AFBD20076D9600EF092C /* DFMandelbrotTests.m in Sources */,
			);
			runOnlyForDeploymentPostprocessing = 0;
		};
/* End PBXSourcesBuildPhase section */

/* Begin PBXTargetDependency section */
		4C4B3B5D2004DF930057BF37 /* PBXTargetDependency */ = {
			isa = PBXTargetDependency;
			target = 4C4B3B442004DF930057BF37 /* Fractron */;
			targetProxy = 4C4B3B5C2004DF930057BF37 /* PBXContainerItemProxy */;
		};
/* End PBXTargetDependency section */

/* Begin PBXVariantGroup section */
		4C4B3B502004DF930057BF37 /* Main.storyboard */ = {
			isa = PBXVariantGroup;
			children = (
				4C4B3B512004DF930057BF37 /* Base */,
			);
			name = Main.storyboard;
			sourceTree = "<group>";
		};
/* End PBXVariantGroup section */

/* Begin XCBuildConfiguration section */
		4C4B3B622004DF930057BF37 /* Debug */ = {
			isa = XCBuildConfiguration;
			buildSettings = {
				ALWAYS_SEARCH_USER_PATHS = NO;
				CLANG_ANALYZER_NONNULL = YES;
				CLANG_ANALYZER_NUMBER_OBJECT_CONVERSION = YES_AGGRESSIVE;
				CLANG_CXX_LANGUAGE_STANDARD = "gnu++14";
				CLANG_CXX_LIBRARY = "libc++";
				CLANG_ENABLE_MODULES = YES;
				CLANG_ENABLE_OBJC_ARC = YES;
				CLANG_WARN_BLOCK_CAPTURE_AUTORELEASING = YES;
				CLANG_WARN_BOOL_CONVERSION = YES;
				CLANG_WARN_COMMA = YES;
				CLANG_WARN_CONSTANT_CONVERSION = YES;
				CLANG_WARN_DIRECT_OBJC_ISA_USAGE = YES_ERROR;
				CLANG_WARN_DOCUMENTATION_COMMENTS = YES;
				CLANG_WARN_EMPTY_BODY = YES;
				CLANG_WARN_ENUM_CONVERSION = YES;
				CLANG_WARN_INFINITE_RECURSION = YES;
				CLANG_WARN_INT_CONVERSION = YES;
				CLANG_WARN_NON_LITERAL_NULL_CONVERSION = YES;
				CLANG_WARN_OBJC_LITERAL_CONVERSION = YES;
				CLANG_WARN_OBJC_ROOT_CLASS = YES_ERROR;
				CLANG_WARN_RANGE_LOOP_ANALYSIS = YES;
				CLANG_WARN_STRICT_PROTOTYPES = YES;
				CLANG_WARN_SUSPICIOUS_MOVE = YES;
				CLANG_WARN_UNGUARDED_AVAILABILITY = YES_AGGRESSIVE;
				CLANG_WARN_UNREACHABLE_CODE = YES;
				CLANG_WARN__DUPLICATE_METHOD_MATCH = YES;
				CODE_SIGN_IDENTITY = "-";
				COPY_PHASE_STRIP = NO;
				DEBUG_INFORMATION_FORMAT = dwarf;
				ENABLE_STRICT_OBJC_MSGSEND = YES;
				ENABLE_TESTABILITY = YES;
				GCC_C_LANGUAGE_STANDARD = gnu11;
				GCC_DYNAMIC_NO_PIC = NO;
				GCC_NO_COMMON_BLOCKS = YES;
				GCC_OPTIMIZATION_LEVEL = 0;
				GCC_PREPROCESSOR_DEFINITIONS = (
					"DEBUG=1",
					"$(inherited)",
				);
				GCC_WARN_64_TO_32_BIT_CONVERSION = YES;
				GCC_WARN_ABOUT_RETURN_TYPE = YES_ERROR;
				GCC_WARN_UNDECLARED_SELECTOR = YES;
				GCC_WARN_UNINITIALIZED_AUTOS = YES_AGGRESSIVE;
				GCC_WARN_UNUSED_FUNCTION = YES;
				GCC_WARN_UNUSED_VARIABLE = YES;
				MACOSX_DEPLOYMENT_TARGET = 10.13;
				MTL_ENABLE_DEBUG_INFO = YES;
				ONLY_ACTIVE_ARCH = YES;
				SDKROOT = macosx;
			};
			name = Debug;
		};
		4C4B3B632004DF930057BF37 /* Release */ = {
			isa = XCBuildConfiguration;
			buildSettings = {
				ALWAYS_SEARCH_USER_PATHS = NO;
				CLANG_ANALYZER_NONNULL = YES;
				CLANG_ANALYZER_NUMBER_OBJECT_CONVERSION = YES_AGGRESSIVE;
				CLANG_CXX_LANGUAGE_STANDARD = "gnu++14";
				CLANG_CXX_LIBRARY = "libc++";
				CLANG_ENABLE_MODULES = YES;
				CLANG_ENABLE_OBJC_ARC = YES;
				CLANG_WARN_BLOCK_CAPTURE_AUTORELEASING = YES;
				CLANG_WARN_BOOL_CONVERSION = YES;
				CLANG_WARN_COMMA = YES;
				CLANG_WARN_CONSTANT_CONVERSION = YES;
				CLANG_WARN_DIRECT_OBJC_ISA_USAGE = YES_ERROR;
				CLANG_WARN_DOCUMENTATION_COMMENTS = YES;
				CLANG_WARN_EMPTY_BODY = YES;
				CLANG_WARN_ENUM_CONVERSION = YES;
				CLANG_WARN_INFINITE_RECURSION = YES;
				CLANG_WARN_INT_CONVERSION = YES;
				CLANG_WARN_NON_LITERAL_NULL_CONVERSION = YES;
				CLANG_WARN_OBJC_LITERAL_CONVERSION = YES;
				CLANG_WARN_OBJC_ROOT_CLASS = YES_ERROR;
				CLANG_WARN_RANGE_LOOP_ANALYSIS = YES;
				CLANG_WARN_STRICT_PROTOTYPES = YES;
				CLANG_WARN_SUSPICIOUS_MOVE = YES;
				CLANG_WARN_UNGUARDED_AVAILABILITY = YES_AGGRESSIVE;
				CLANG_WARN_UNREACHABLE_CODE = YES;
				CLANG_WARN__DUPLICATE_METHOD_MATCH = YES;
				CODE_SIGN_IDENTITY = "-";
				COPY_PHASE_STRIP = NO;
				DEBUG_INFORMATION_FORMAT = "dwarf-with-dsym";
				ENABLE_NS_ASSERTIONS = NO;
				ENABLE_STRICT_OBJC_MSGSEND = YES;
				GCC_C_LANGUAGE_STANDARD = gnu11;
				GCC_NO_COMMON_BLOCKS = YES;
				GCC_WARN_64_TO_32_BIT_CONVERSION = YES;
				GCC_WARN_ABOUT_RETURN_TYPE = YES_ERROR;
				GCC_WARN_UNDECLARED_SELECTOR = YES;
				GCC_WARN_UNINITIALIZED_AUTOS = YES_AGGRESSIVE;
				GCC_WARN_UNUSED_FUNCTION = YES;
				GCC_WARN_UNUSED_VARIABLE = YES;
				MACOSX_DEPLOYMENT_TARGET = 10.13;
				MTL_ENABLE_DEBUG_INFO = NO;
				SDKROOT = macosx;
			};
			name = Release;
		};
		4C4B3B652004DF930057BF37 /* Debug */ = {
			isa = XCBuildConfiguration;
			buildSettings = {
				ASSETCATALOG_COMPILER_APPICON_NAME = AppIcon;
				CLANG_UNDEFINED_BEHAVIOR_SANITIZER_NULLABILITY = YES;
				CLANG_WARN_ASSIGN_ENUM = YES;
				CLANG_WARN_FLOAT_CONVERSION = YES;
				CLANG_WARN_IMPLICIT_SIGN_CONVERSION = YES;
				CLANG_WARN_OBJC_IMPLICIT_ATOMIC_PROPERTIES = YES;
				CLANG_WARN_OBJC_IMPLICIT_RETAIN_SELF = YES;
				CLANG_WARN_OBJC_MISSING_PROPERTY_SYNTHESIS = NO;
				CLANG_WARN_OBJC_REPEATED_USE_OF_WEAK = YES;
				CLANG_WARN_SUSPICIOUS_IMPLICIT_CONVERSION = YES;
				CODE_SIGN_ENTITLEMENTS = Fractron/Fractron.entitlements;
				CODE_SIGN_STYLE = Automatic;
				COMBINE_HIDPI_IMAGES = YES;
				GCC_TREAT_WARNINGS_AS_ERRORS = YES;
				GCC_WARN_PEDANTIC = NO;
				GCC_WARN_SHADOW = YES;
				GCC_WARN_SIGN_COMPARE = YES;
				GCC_WARN_UNUSED_LABEL = YES;
				GCC_WARN_UNUSED_PARAMETER = YES;
				INFOPLIST_FILE = Fractron/Info.plist;
				LD_RUNPATH_SEARCH_PATHS = "$(inherited) @executable_path/../Frameworks";
				PRODUCT_BUNDLE_IDENTIFIER = com.digitalflapjack.Fractron;
				PRODUCT_NAME = "$(TARGET_NAME)";
			};
			name = Debug;
		};
		4C4B3B662004DF930057BF37 /* Release */ = {
			isa = XCBuildConfiguration;
			buildSettings = {
				ASSETCATALOG_COMPILER_APPICON_NAME = AppIcon;
				CLANG_UNDEFINED_BEHAVIOR_SANITIZER_NULLABILITY = YES;
				CLANG_WARN_ASSIGN_ENUM = YES;
				CLANG_WARN_FLOAT_CONVERSION = YES;
				CLANG_WARN_IMPLICIT_SIGN_CONVERSION = YES;
				CLANG_WARN_OBJC_IMPLICIT_ATOMIC_PROPERTIES = YES;
				CLANG_WARN_OBJC_IMPLICIT_RETAIN_SELF = YES;
				CLANG_WARN_OBJC_MISSING_PROPERTY_SYNTHESIS = NO;
				CLANG_WARN_OBJC_REPEATED_USE_OF_WEAK = YES;
				CLANG_WARN_SUSPICIOUS_IMPLICIT_CONVERSION = YES;
				CODE_SIGN_ENTITLEMENTS = Fractron/Fractron.entitlements;
				CODE_SIGN_STYLE = Automatic;
				COMBINE_HIDPI_IMAGES = YES;
				GCC_TREAT_WARNINGS_AS_ERRORS = YES;
				GCC_WARN_PEDANTIC = NO;
				GCC_WARN_SHADOW = YES;
				GCC_WARN_SIGN_COMPARE = YES;
				GCC_WARN_UNUSED_LABEL = YES;
				GCC_WARN_UNUSED_PARAMETER = YES;
				INFOPLIST_FILE = Fractron/Info.plist;
				LD_RUNPATH_SEARCH_PATHS = "$(inherited) @executable_path/../Frameworks";
				PRODUCT_BUNDLE_IDENTIFIER = com.digitalflapjack.Fractron;
				PRODUCT_NAME = "$(TARGET_NAME)";
			};
			name = Release;
		};
		4C4B3B682004DF930057BF37 /* Debug */ = {
			isa = XCBuildConfiguration;
			buildSettings = {
				CODE_SIGN_STYLE = Automatic;
				COMBINE_HIDPI_IMAGES = YES;
				INFOPLIST_FILE = FractronTests/Info.plist;
				LD_RUNPATH_SEARCH_PATHS = "$(inherited) @executable_path/../Frameworks @loader_path/../Frameworks";
				PRODUCT_BUNDLE_IDENTIFIER = com.digitalflapjack.FractronTests;
				PRODUCT_NAME = "$(TARGET_NAME)";
			};
			name = Debug;
		};
		4C4B3B692004DF930057BF37 /* Release */ = {
			isa = XCBuildConfiguration;
			buildSettings = {
				CODE_SIGN_STYLE = Automatic;
				COMBINE_HIDPI_IMAGES = YES;
				INFOPLIST_FILE = FractronTests/Info.plist;
				LD_RUNPATH_SEARCH_PATHS = "$(inherited) @executable_path/../Frameworks @loader_path/../Frameworks";
				PRODUCT_BUNDLE_IDENTIFIER = com.digitalflapjack.FractronTests;
				PRODUCT_NAME = "$(TARGET_NAME)";
			};
			name = Release;
		};
/* End XCBuildConfiguration section */

/* Begin XCConfigurationList section */
		4C4B3B402004DF930057BF37 /* Build configuration list for PBXProject "Fractron" */ = {
			isa = XCConfigurationList;
			buildConfigurations = (
				4C4B3B622004DF930057BF37 /* Debug */,
				4C4B3B632004DF930057BF37 /* Release */,
			);
			defaultConfigurationIsVisible = 0;
			defaultConfigurationName = Release;
		};
		4C4B3B642004DF930057BF37 /* Build configuration list for PBXNativeTarget "Fractron" */ = {
			isa = XCConfigurationList;
			buildConfigurations = (
				4C4B3B652004DF930057BF37 /* Debug */,
				4C4B3B662004DF930057BF37 /* Release */,
			);
			defaultConfigurationIsVisible = 0;
			defaultConfigurationName = Release;
		};
		4C4B3B672004DF930057BF37 /* Build configuration list for PBXNativeTarget "FractronTests" */ = {
			isa = XCConfigurationList;
			buildConfigurations = (
				4C4B3B682004DF930057BF37 /* Debug */,
				4C4B3B692004DF930057BF37 /* Release */,
			);
			defaultConfigurationIsVisible = 0;
			defaultConfigurationName = Release;
		};
/* End XCConfigurationList section */
	};
	rootObject = 4C4B3B3D2004DF930057BF37 /* Project object */;
}
